
Microsoft Visual Studio Solution File, Format Version 12.00
# Visual Studio Version 16
VisualStudioVersion = 16.0.29519.181
MinimumVisualStudioVersion = 10.0.40219.1
Project("{FAE04EC0-301F-11D3-BF4B-00C04F79EFBC}") = "Spam Bot", "Spam Bot\Spam Bot.csproj", "{AD0E12BE-617D-4318-ABB3-13032299014C}"
EndProject
Global
	GlobalSection(SolutionConfigurationPlatforms) = preSolution
		Debug|Any CPU = Debug|Any CPU
		Release|Any CPU = Release|Any CPU
	EndGlobalSection
	GlobalSection(ProjectConfigurationPlatforms) = postSolution
		{AD0E12BE-617D-4318-ABB3-13032299014C}.Debug|Any CPU.ActiveCfg = Debug|Any CPU
		{AD0E12BE-617D-4318-ABB3-13032299014C}.Debug|Any CPU.Build.0 = Debug|Any CPU
		{AD0E12BE-617D-4318-ABB3-13032299014C}.Release|Any CPU.ActiveCfg = Release|Any CPU
		{AD0E12BE-617D-4318-ABB3-13032299014C}.Release|Any CPU.Build.0 = Release|Any CPU
	EndGlobalSection
	GlobalSection(SolutionProperties) = preSolution
		HideSolutionNode = FALSE
	EndGlobalSection
	GlobalSection(ExtensibilityGlobals) = postSolution
		SolutionGuid = {2C4BD33E-D224-4036-B3BF-681ED57796EC}
	EndGlobalSection
EndGlobal
